
Microsoft Visual Studio Solution File, Format Version 12.00
# Visual Studio Version 17
VisualStudioVersion = 17.3.32922.545
MinimumVisualStudioVersion = 10.0.40219.1
Project("{FAE04EC0-301F-11D3-BF4B-00C04F79EFBC}") = "b.Singletone", "b.Singletone\b.Singletone.csproj", "{F97C0871-4ACF-4625-955D-289BCFB5576B}"
EndProject
Global
	GlobalSection(SolutionConfigurationPlatforms) = preSolution
		Debug|Any CPU = Debug|Any CPU
		Release|Any CPU = Release|Any CPU
	EndGlobalSection
	GlobalSection(ProjectConfigurationPlatforms) = postSolution
		{F97C0871-4ACF-4625-955D-289BCFB5576B}.Debug|Any CPU.ActiveCfg = Debug|Any CPU
		{F97C0871-4ACF-4625-955D-289BCFB5576B}.Debug|Any CPU.Build.0 = Debug|Any CPU
		{F97C0871-4ACF-4625-955D-289BCFB5576B}.Release|Any CPU.ActiveCfg = Release|Any CPU
		{F97C0871-4ACF-4625-955D-289BCFB5576B}.Release|Any CPU.Build.0 = Release|Any CPU
	EndGlobalSection
	GlobalSection(SolutionProperties) = preSolution
		HideSolutionNode = FALSE
	EndGlobalSection
	GlobalSection(ExtensibilityGlobals) = postSolution
		SolutionGuid = {302CCEC3-EC06-46D6-B1D6-0EEE91592087}
	EndGlobalSection
EndGlobal
